
Microsoft Visual Studio Solution File, Format Version 12.00
# Visual Studio Version 17
VisualStudioVersion = 17.4.33122.133
MinimumVisualStudioVersion = 10.0.40219.1
Project("{FAE04EC0-301F-11D3-BF4B-00C04F79EFBC}") = "TravelAgencyWinFormsApp", "TravelAgencyWinFormsApp.csproj", "{E8C8AAF9-3812-44C0-A1F8-100BCA07B09C}"
EndProject
Project("{9A19103F-16F7-4668-BE54-9A1E7A4F7556}") = "TravelAgencyRepository", "..\TravelAgencyRepository\TravelAgencyRepository.csproj", "{F40F5202-CDC6-4540-AC6F-09B6AAFEA74A}"
EndProject
Global
	GlobalSection(SolutionConfigurationPlatforms) = preSolution
		Debug|Any CPU = Debug|Any CPU
		Release|Any CPU = Release|Any CPU
	EndGlobalSection
	GlobalSection(ProjectConfigurationPlatforms) = postSolution
		{E8C8AAF9-3812-44C0-A1F8-100BCA07B09C}.Debug|Any CPU.ActiveCfg = Debug|Any CPU
		{E8C8AAF9-3812-44C0-A1F8-100BCA07B09C}.Debug|Any CPU.Build.0 = Debug|Any CPU
		{E8C8AAF9-3812-44C0-A1F8-100BCA07B09C}.Release|Any CPU.ActiveCfg = Release|Any CPU
		{E8C8AAF9-3812-44C0-A1F8-100BCA07B09C}.Release|Any CPU.Build.0 = Release|Any CPU
		{F40F5202-CDC6-4540-AC6F-09B6AAFEA74A}.Debug|Any CPU.ActiveCfg = Debug|Any CPU
		{F40F5202-CDC6-4540-AC6F-09B6AAFEA74A}.Debug|Any CPU.Build.0 = Debug|Any CPU
		{F40F5202-CDC6-4540-AC6F-09B6AAFEA74A}.Release|Any CPU.ActiveCfg = Release|Any CPU
		{F40F5202-CDC6-4540-AC6F-09B6AAFEA74A}.Release|Any CPU.Build.0 = Release|Any CPU
	EndGlobalSection
	GlobalSection(SolutionProperties) = preSolution
		HideSolutionNode = FALSE
	EndGlobalSection
	GlobalSection(ExtensibilityGlobals) = postSolution
		SolutionGuid = {D8462794-0F6E-4B8A-8175-90E30DAD89F6}
	EndGlobalSection
EndGlobal
